// !$*UTF8*$!
{
	archiveVersion = 1;
	classes = {
	};
	objectVersion = 55;
	objects = {

/* Begin PBXBuildFile section */
		D532340B28B76E4D00E22F1F /* ExchangeRateStruct.swift in Sources */ = {isa = PBXBuildFile; fileRef = D532340A28B76E4D00E22F1F /* ExchangeRateStruct.swift */; };
		D53C528828B3AD830013EB7B /* TranslateViewController.swift in Sources */ = {isa = PBXBuildFile; fileRef = D53C528728B3AD830013EB7B /* TranslateViewController.swift */; };
		D53C528A28B3AD970013EB7B /* WeatherViewController.swift in Sources */ = {isa = PBXBuildFile; fileRef = D53C528928B3AD970013EB7B /* WeatherViewController.swift */; };
		D53C528C28B3BE3F0013EB7B /* ExchangeRateService.swift in Sources */ = {isa = PBXBuildFile; fileRef = D53C528B28B3BE3F0013EB7B /* ExchangeRateService.swift */; };
		D552906228A3E59E00AAA663 /* AppDelegate.swift in Sources */ = {isa = PBXBuildFile; fileRef = D552906128A3E59E00AAA663 /* AppDelegate.swift */; };
		D552906428A3E59E00AAA663 /* SceneDelegate.swift in Sources */ = {isa = PBXBuildFile; fileRef = D552906328A3E59E00AAA663 /* SceneDelegate.swift */; };
		D552906628A3E59E00AAA663 /* ExchangeRateViewController.swift in Sources */ = {isa = PBXBuildFile; fileRef = D552906528A3E59E00AAA663 /* ExchangeRateViewController.swift */; };
		D552906928A3E59E00AAA663 /* Main.storyboard in Resources */ = {isa = PBXBuildFile; fileRef = D552906728A3E59E00AAA663 /* Main.storyboard */; };
		D552906B28A3E5A100AAA663 /* Assets.xcassets in Resources */ = {isa = PBXBuildFile; fileRef = D552906A28A3E5A100AAA663 /* Assets.xcassets */; };
		D552906E28A3E5A100AAA663 /* LaunchScreen.storyboard in Resources */ = {isa = PBXBuildFile; fileRef = D552906C28A3E5A100AAA663 /* LaunchScreen.storyboard */; };
		D573EC3C2912C8B300421D0B /* URLSessionFake.swift in Sources */ = {isa = PBXBuildFile; fileRef = D573EC3B2912C8B300421D0B /* URLSessionFake.swift */; };
		D576CBEB291967F400563963 /* TranslateFailJson.json in Resources */ = {isa = PBXBuildFile; fileRef = D576CBE9291950D100563963 /* TranslateFailJson.json */; };
		D591AB8D291413B900E984F3 /* ExchangeRateOpertionalJson.json in Resources */ = {isa = PBXBuildFile; fileRef = D591AB8C291413B900E984F3 /* ExchangeRateOpertionalJson.json */; };
		D591AB8F2914221100E984F3 /* ExchangeRateFailJson.json in Resources */ = {isa = PBXBuildFile; fileRef = D591AB8E2914221100E984F3 /* ExchangeRateFailJson.json */; };
		D5946BF0291BEE7400A3E083 /* WeatherFailJson.json in Resources */ = {isa = PBXBuildFile; fileRef = D5946BEF291BEE7400A3E083 /* WeatherFailJson.json */; };
		D598516028F8401300E03417 /* NetworkService.swift in Sources */ = {isa = PBXBuildFile; fileRef = D598515F28F8401300E03417 /* NetworkService.swift */; };
		D598A81328E750FD008B2DB3 /* WeatherTests.swift in Sources */ = {isa = PBXBuildFile; fileRef = D598A81228E750FD008B2DB3 /* WeatherTests.swift */; };
		D598A81528E75117008B2DB3 /* ExchangeTests.swift in Sources */ = {isa = PBXBuildFile; fileRef = D598A81428E75117008B2DB3 /* ExchangeTests.swift */; };
		D598A81728E75133008B2DB3 /* TranslateTests.swift in Sources */ = {isa = PBXBuildFile; fileRef = D598A81628E75133008B2DB3 /* TranslateTests.swift */; };
		D59A749F28BF9C14004F9F8E /* TranslateService.swift in Sources */ = {isa = PBXBuildFile; fileRef = D59A749E28BF9C14004F9F8E /* TranslateService.swift */; };
		D59E495C292BB1D000AB9CD1 /* TranslateOperationalJson.json in Resources */ = {isa = PBXBuildFile; fileRef = D576CBE8291950AC00563963 /* TranslateOperationalJson.json */; };
		D5A4EF9A28F9665F007D066D /* Errors.swift in Sources */ = {isa = PBXBuildFile; fileRef = D5A4EF9928F9665F007D066D /* Errors.swift */; };
		D5A698B328C5EA1400019E00 /* WeatherService.swift in Sources */ = {isa = PBXBuildFile; fileRef = D5A698B228C5EA1400019E00 /* WeatherService.swift */; };
		D5A698B528C5EA4300019E00 /* WeatherStruct.swift in Sources */ = {isa = PBXBuildFile; fileRef = D5A698B428C5EA4300019E00 /* WeatherStruct.swift */; };
		D5A698B728C6380D00019E00 /* TranslateStruct.swift in Sources */ = {isa = PBXBuildFile; fileRef = D5A698B628C6380D00019E00 /* TranslateStruct.swift */; };
		D5AAD255292648EC0079CA94 /* NetworkServiceMock.swift in Sources */ = {isa = PBXBuildFile; fileRef = D5A51A41292524D9009AAA96 /* NetworkServiceMock.swift */; };
		D5AAD257292678F80079CA94 /* NetworkServiceTests.swift in Sources */ = {isa = PBXBuildFile; fileRef = D5AAD256292678F80079CA94 /* NetworkServiceTests.swift */; };
/* End PBXBuildFile section */

/* Begin PBXContainerItemProxy section */
		D598A80D28E7506C008B2DB3 /* PBXContainerItemProxy */ = {
			isa = PBXContainerItemProxy;
			containerPortal = D552905628A3E59E00AAA663 /* Project object */;
			proxyType = 1;
			remoteGlobalIDString = D552905D28A3E59E00AAA663;
			remoteInfo = baluchon;
		};
/* End PBXContainerItemProxy section */

/* Begin PBXFileReference section */
		D532340A28B76E4D00E22F1F /* ExchangeRateStruct.swift */ = {isa = PBXFileReference; lastKnownFileType = sourcecode.swift; path = ExchangeRateStruct.swift; sourceTree = "<group>"; };
		D53C528728B3AD830013EB7B /* TranslateViewController.swift */ = {isa = PBXFileReference; lastKnownFileType = sourcecode.swift; path = TranslateViewController.swift; sourceTree = "<group>"; };
		D53C528928B3AD970013EB7B /* WeatherViewController.swift */ = {isa = PBXFileReference; lastKnownFileType = sourcecode.swift; path = WeatherViewController.swift; sourceTree = "<group>"; };
		D53C528B28B3BE3F0013EB7B /* ExchangeRateService.swift */ = {isa = PBXFileReference; lastKnownFileType = sourcecode.swift; path = ExchangeRateService.swift; sourceTree = "<group>"; };
		D552905E28A3E59E00AAA663 /* baluchon.app */ = {isa = PBXFileReference; explicitFileType = wrapper.application; includeInIndex = 0; path = baluchon.app; sourceTree = BUILT_PRODUCTS_DIR; };
		D552906128A3E59E00AAA663 /* AppDelegate.swift */ = {isa = PBXFileReference; lastKnownFileType = sourcecode.swift; path = AppDelegate.swift; sourceTree = "<group>"; };
		D552906328A3E59E00AAA663 /* SceneDelegate.swift */ = {isa = PBXFileReference; lastKnownFileType = sourcecode.swift; path = SceneDelegate.swift; sourceTree = "<group>"; };
		D552906528A3E59E00AAA663 /* ExchangeRateViewController.swift */ = {isa = PBXFileReference; lastKnownFileType = sourcecode.swift; path = ExchangeRateViewController.swift; sourceTree = "<group>"; };
		D552906828A3E59E00AAA663 /* Base */ = {isa = PBXFileReference; lastKnownFileType = file.storyboard; name = Base; path = Base.lproj/Main.storyboard; sourceTree = "<group>"; };
		D552906A28A3E5A100AAA663 /* Assets.xcassets */ = {isa = PBXFileReference; lastKnownFileType = folder.assetcatalog; path = Assets.xcassets; sourceTree = "<group>"; };
		D552906D28A3E5A100AAA663 /* Base */ = {isa = PBXFileReference; lastKnownFileType = file.storyboard; name = Base; path = Base.lproj/LaunchScreen.storyboard; sourceTree = "<group>"; };
		D552906F28A3E5A100AAA663 /* Info.plist */ = {isa = PBXFileReference; lastKnownFileType = text.plist.xml; path = Info.plist; sourceTree = "<group>"; };
		D573EC3B2912C8B300421D0B /* URLSessionFake.swift */ = {isa = PBXFileReference; lastKnownFileType = sourcecode.swift; path = URLSessionFake.swift; sourceTree = "<group>"; };
		D576CBE8291950AC00563963 /* TranslateOperationalJson.json */ = {isa = PBXFileReference; lastKnownFileType = text.json; path = TranslateOperationalJson.json; sourceTree = "<group>"; };
		D576CBE9291950D100563963 /* TranslateFailJson.json */ = {isa = PBXFileReference; lastKnownFileType = text.json; path = TranslateFailJson.json; sourceTree = "<group>"; };
		D591AB8C291413B900E984F3 /* ExchangeRateOpertionalJson.json */ = {isa = PBXFileReference; fileEncoding = 4; lastKnownFileType = text.json; path = ExchangeRateOpertionalJson.json; sourceTree = "<group>"; };
		D591AB8E2914221100E984F3 /* ExchangeRateFailJson.json */ = {isa = PBXFileReference; lastKnownFileType = text.json; path = ExchangeRateFailJson.json; sourceTree = "<group>"; };
		D5946BEF291BEE7400A3E083 /* WeatherFailJson.json */ = {isa = PBXFileReference; lastKnownFileType = text.json; path = WeatherFailJson.json; sourceTree = "<group>"; };
		D598515F28F8401300E03417 /* NetworkService.swift */ = {isa = PBXFileReference; lastKnownFileType = sourcecode.swift; path = NetworkService.swift; sourceTree = "<group>"; };
		D598A80928E7506C008B2DB3 /* baluchonTests.xctest */ = {isa = PBXFileReference; explicitFileType = wrapper.cfbundle; includeInIndex = 0; path = baluchonTests.xctest; sourceTree = BUILT_PRODUCTS_DIR; };
		D598A81228E750FD008B2DB3 /* WeatherTests.swift */ = {isa = PBXFileReference; lastKnownFileType = sourcecode.swift; path = WeatherTests.swift; sourceTree = "<group>"; };
		D598A81428E75117008B2DB3 /* ExchangeTests.swift */ = {isa = PBXFileReference; lastKnownFileType = sourcecode.swift; path = ExchangeTests.swift; sourceTree = "<group>"; };
		D598A81628E75133008B2DB3 /* TranslateTests.swift */ = {isa = PBXFileReference; lastKnownFileType = sourcecode.swift; path = TranslateTests.swift; sourceTree = "<group>"; };
		D59A749D28BF56A1004F9F8E /* ApiKeys.xcconfig */ = {isa = PBXFileReference; lastKnownFileType = text.xcconfig; path = ApiKeys.xcconfig; sourceTree = "<group>"; };
		D59A749E28BF9C14004F9F8E /* TranslateService.swift */ = {isa = PBXFileReference; lastKnownFileType = sourcecode.swift; path = TranslateService.swift; sourceTree = "<group>"; };
		D5A4EF9928F9665F007D066D /* Errors.swift */ = {isa = PBXFileReference; lastKnownFileType = sourcecode.swift; path = Errors.swift; sourceTree = "<group>"; };
		D5A51A41292524D9009AAA96 /* NetworkServiceMock.swift */ = {isa = PBXFileReference; lastKnownFileType = sourcecode.swift; path = NetworkServiceMock.swift; sourceTree = "<group>"; };
		D5A698B228C5EA1400019E00 /* WeatherService.swift */ = {isa = PBXFileReference; lastKnownFileType = sourcecode.swift; path = WeatherService.swift; sourceTree = "<group>"; };
		D5A698B428C5EA4300019E00 /* WeatherStruct.swift */ = {isa = PBXFileReference; lastKnownFileType = sourcecode.swift; path = WeatherStruct.swift; sourceTree = "<group>"; };
		D5A698B628C6380D00019E00 /* TranslateStruct.swift */ = {isa = PBXFileReference; lastKnownFileType = sourcecode.swift; path = TranslateStruct.swift; sourceTree = "<group>"; };
		D5AAD256292678F80079CA94 /* NetworkServiceTests.swift */ = {isa = PBXFileReference; lastKnownFileType = sourcecode.swift; path = NetworkServiceTests.swift; sourceTree = "<group>"; };
/* End PBXFileReference section */

/* Begin PBXFrameworksBuildPhase section */
		D552905B28A3E59E00AAA663 /* Frameworks */ = {
			isa = PBXFrameworksBuildPhase;
			buildActionMask = 2147483647;
			files = (
			);
			runOnlyForDeploymentPostprocessing = 0;
		};
		D598A80628E7506C008B2DB3 /* Frameworks */ = {
			isa = PBXFrameworksBuildPhase;
			buildActionMask = 2147483647;
			files = (
			);
			runOnlyForDeploymentPostprocessing = 0;
		};
/* End PBXFrameworksBuildPhase section */

/* Begin PBXGroup section */
		D552905528A3E59E00AAA663 = {
			isa = PBXGroup;
			children = (
				D59A749D28BF56A1004F9F8E /* ApiKeys.xcconfig */,
				D552906028A3E59E00AAA663 /* baluchon */,
				D598A80A28E7506C008B2DB3 /* baluchonTests */,
				D552905F28A3E59E00AAA663 /* Products */,
			);
			sourceTree = "<group>";
		};
		D552905F28A3E59E00AAA663 /* Products */ = {
			isa = PBXGroup;
			children = (
				D552905E28A3E59E00AAA663 /* baluchon.app */,
				D598A80928E7506C008B2DB3 /* baluchonTests.xctest */,
			);
			name = Products;
			sourceTree = "<group>";
		};
		D552906028A3E59E00AAA663 /* baluchon */ = {
			isa = PBXGroup;
			children = (
				D552907828A3E5D900AAA663 /* Model */,
				D552907728A3E5C600AAA663 /* Supporting Files */,
				D552907628A3E5C000AAA663 /* Controller */,
				D552907528A3E5B900AAA663 /* View */,
				D552906F28A3E5A100AAA663 /* Info.plist */,
			);
			path = baluchon;
			sourceTree = "<group>";
		};
		D552907528A3E5B900AAA663 /* View */ = {
			isa = PBXGroup;
			children = (
				D552906728A3E59E00AAA663 /* Main.storyboard */,
			);
			path = View;
			sourceTree = "<group>";
		};
		D552907628A3E5C000AAA663 /* Controller */ = {
			isa = PBXGroup;
			children = (
				D552906528A3E59E00AAA663 /* ExchangeRateViewController.swift */,
				D53C528728B3AD830013EB7B /* TranslateViewController.swift */,
				D53C528928B3AD970013EB7B /* WeatherViewController.swift */,
			);
			path = Controller;
			sourceTree = "<group>";
		};
		D552907728A3E5C600AAA663 /* Supporting Files */ = {
			isa = PBXGroup;
			children = (
				D552906128A3E59E00AAA663 /* AppDelegate.swift */,
				D552906328A3E59E00AAA663 /* SceneDelegate.swift */,
				D552906A28A3E5A100AAA663 /* Assets.xcassets */,
				D552906C28A3E5A100AAA663 /* LaunchScreen.storyboard */,
			);
			path = "Supporting Files";
			sourceTree = "<group>";
		};
		D552907828A3E5D900AAA663 /* Model */ = {
			isa = PBXGroup;
			children = (
				D573EC352912C77F00421D0B /* Weather */,
				D573EC342912C76E00421D0B /* Transalte */,
				D573EC332912C75400421D0B /* ExchangeRate */,
				D598515F28F8401300E03417 /* NetworkService.swift */,
				D5A51A41292524D9009AAA96 /* NetworkServiceMock.swift */,
				D5A4EF9928F9665F007D066D /* Errors.swift */,
			);
			path = Model;
			sourceTree = "<group>";
		};
		D573EC332912C75400421D0B /* ExchangeRate */ = {
			isa = PBXGroup;
			children = (
				D53C528B28B3BE3F0013EB7B /* ExchangeRateService.swift */,
				D532340A28B76E4D00E22F1F /* ExchangeRateStruct.swift */,
			);
			path = ExchangeRate;
			sourceTree = "<group>";
		};
		D573EC342912C76E00421D0B /* Transalte */ = {
			isa = PBXGroup;
			children = (
				D59A749E28BF9C14004F9F8E /* TranslateService.swift */,
				D5A698B628C6380D00019E00 /* TranslateStruct.swift */,
			);
			path = Transalte;
			sourceTree = "<group>";
		};
		D573EC352912C77F00421D0B /* Weather */ = {
			isa = PBXGroup;
			children = (
				D5A698B228C5EA1400019E00 /* WeatherService.swift */,
				D5A698B428C5EA4300019E00 /* WeatherStruct.swift */,
			);
			path = Weather;
			sourceTree = "<group>";
		};
		D573EC362912C82400421D0B /* Weather */ = {
			isa = PBXGroup;
			children = (
				D598A81228E750FD008B2DB3 /* WeatherTests.swift */,
				D5946BEF291BEE7400A3E083 /* WeatherFailJson.json */,
			);
			path = Weather;
			sourceTree = "<group>";
		};
		D573EC372912C83200421D0B /* ExchangeRate */ = {
			isa = PBXGroup;
			children = (
				D591AB8C291413B900E984F3 /* ExchangeRateOpertionalJson.json */,
				D598A81428E75117008B2DB3 /* ExchangeTests.swift */,
				D591AB8E2914221100E984F3 /* ExchangeRateFailJson.json */,
			);
			path = ExchangeRate;
			sourceTree = "<group>";
		};
		D573EC382912C83D00421D0B /* Translate */ = {
			isa = PBXGroup;
			children = (
				D598A81628E75133008B2DB3 /* TranslateTests.swift */,
				D576CBE8291950AC00563963 /* TranslateOperationalJson.json */,
				D576CBE9291950D100563963 /* TranslateFailJson.json */,
			);
			path = Translate;
			sourceTree = "<group>";
		};
		D598A80A28E7506C008B2DB3 /* baluchonTests */ = {
			isa = PBXGroup;
			children = (
				D573EC382912C83D00421D0B /* Translate */,
				D573EC372912C83200421D0B /* ExchangeRate */,
				D573EC362912C82400421D0B /* Weather */,
				D573EC3B2912C8B300421D0B /* URLSessionFake.swift */,
				D5AAD256292678F80079CA94 /* NetworkServiceTests.swift */,
			);
			path = baluchonTests;
			sourceTree = "<group>";
		};
/* End PBXGroup section */

/* Begin PBXNativeTarget section */
		D552905D28A3E59E00AAA663 /* baluchon */ = {
			isa = PBXNativeTarget;
			buildConfigurationList = D552907228A3E5A100AAA663 /* Build configuration list for PBXNativeTarget "baluchon" */;
			buildPhases = (
				D552905A28A3E59E00AAA663 /* Sources */,
				D552905B28A3E59E00AAA663 /* Frameworks */,
				D552905C28A3E59E00AAA663 /* Resources */,
			);
			buildRules = (
			);
			dependencies = (
			);
			name = baluchon;
			productName = baluchon;
			productReference = D552905E28A3E59E00AAA663 /* baluchon.app */;
			productType = "com.apple.product-type.application";
		};
		D598A80828E7506C008B2DB3 /* baluchonTests */ = {
			isa = PBXNativeTarget;
			buildConfigurationList = D598A80F28E7506C008B2DB3 /* Build configuration list for PBXNativeTarget "baluchonTests" */;
			buildPhases = (
				D598A80528E7506C008B2DB3 /* Sources */,
				D598A80628E7506C008B2DB3 /* Frameworks */,
				D598A80728E7506C008B2DB3 /* Resources */,
			);
			buildRules = (
			);
			dependencies = (
				D598A80E28E7506C008B2DB3 /* PBXTargetDependency */,
			);
			name = baluchonTests;
			productName = baluchonTests;
			productReference = D598A80928E7506C008B2DB3 /* baluchonTests.xctest */;
			productType = "com.apple.product-type.bundle.unit-test";
		};
/* End PBXNativeTarget section */

/* Begin PBXProject section */
		D552905628A3E59E00AAA663 /* Project object */ = {
			isa = PBXProject;
			attributes = {
				BuildIndependentTargetsInParallel = 1;
				KnownAssetTags = (
					1,
					EUR,
				);
				LastSwiftUpdateCheck = 1330;
				LastUpgradeCheck = 1330;
				TargetAttributes = {
					D552905D28A3E59E00AAA663 = {
						CreatedOnToolsVersion = 13.3;
					};
					D598A80828E7506C008B2DB3 = {
						CreatedOnToolsVersion = 13.3;
						LastSwiftMigration = 1330;
						TestTargetID = D552905D28A3E59E00AAA663;
					};
				};
			};
			buildConfigurationList = D552905928A3E59E00AAA663 /* Build configuration list for PBXProject "baluchon" */;
			compatibilityVersion = "Xcode 13.0";
			developmentRegion = en;
			hasScannedForEncodings = 0;
			knownRegions = (
				en,
				Base,
			);
			mainGroup = D552905528A3E59E00AAA663;
			productRefGroup = D552905F28A3E59E00AAA663 /* Products */;
			projectDirPath = "";
			projectRoot = "";
			targets = (
				D552905D28A3E59E00AAA663 /* baluchon */,
				D598A80828E7506C008B2DB3 /* baluchonTests */,
			);
		};
/* End PBXProject section */

/* Begin PBXResourcesBuildPhase section */
		D552905C28A3E59E00AAA663 /* Resources */ = {
			isa = PBXResourcesBuildPhase;
			buildActionMask = 2147483647;
			files = (
				D552906E28A3E5A100AAA663 /* LaunchScreen.storyboard in Resources */,
				D552906B28A3E5A100AAA663 /* Assets.xcassets in Resources */,
				D552906928A3E59E00AAA663 /* Main.storyboard in Resources */,
			);
			runOnlyForDeploymentPostprocessing = 0;
		};
		D598A80728E7506C008B2DB3 /* Resources */ = {
			isa = PBXResourcesBuildPhase;
			buildActionMask = 2147483647;
			files = (
				D576CBEB291967F400563963 /* TranslateFailJson.json in Resources */,
				D59E495C292BB1D000AB9CD1 /* TranslateOperationalJson.json in Resources */,
				D591AB8F2914221100E984F3 /* ExchangeRateFailJson.json in Resources */,
				D5946BF0291BEE7400A3E083 /* WeatherFailJson.json in Resources */,
				D591AB8D291413B900E984F3 /* ExchangeRateOpertionalJson.json in Resources */,
			);
			runOnlyForDeploymentPostprocessing = 0;
		};
/* End PBXResourcesBuildPhase section */

/* Begin PBXSourcesBuildPhase section */
		D552905A28A3E59E00AAA663 /* Sources */ = {
			isa = PBXSourcesBuildPhase;
			buildActionMask = 2147483647;
			files = (
				D5A698B528C5EA4300019E00 /* WeatherStruct.swift in Sources */,
				D5A698B728C6380D00019E00 /* TranslateStruct.swift in Sources */,
				D59A749F28BF9C14004F9F8E /* TranslateService.swift in Sources */,
				D552906628A3E59E00AAA663 /* ExchangeRateViewController.swift in Sources */,
				D5AAD255292648EC0079CA94 /* NetworkServiceMock.swift in Sources */,
				D532340B28B76E4D00E22F1F /* ExchangeRateStruct.swift in Sources */,
				D5A4EF9A28F9665F007D066D /* Errors.swift in Sources */,
				D552906228A3E59E00AAA663 /* AppDelegate.swift in Sources */,
				D53C528A28B3AD970013EB7B /* WeatherViewController.swift in Sources */,
				D5A698B328C5EA1400019E00 /* WeatherService.swift in Sources */,
				D53C528C28B3BE3F0013EB7B /* ExchangeRateService.swift in Sources */,
				D552906428A3E59E00AAA663 /* SceneDelegate.swift in Sources */,
				D598516028F8401300E03417 /* NetworkService.swift in Sources */,
				D53C528828B3AD830013EB7B /* TranslateViewController.swift in Sources */,
			);
			runOnlyForDeploymentPostprocessing = 0;
		};
		D598A80528E7506C008B2DB3 /* Sources */ = {
			isa = PBXSourcesBuildPhase;
			buildActionMask = 2147483647;
			files = (
				D5AAD257292678F80079CA94 /* NetworkServiceTests.swift in Sources */,
				D598A81528E75117008B2DB3 /* ExchangeTests.swift in Sources */,
				D598A81328E750FD008B2DB3 /* WeatherTests.swift in Sources */,
				D573EC3C2912C8B300421D0B /* URLSessionFake.swift in Sources */,
				D598A81728E75133008B2DB3 /* TranslateTests.swift in Sources */,
			);
			runOnlyForDeploymentPostprocessing = 0;
		};
/* End PBXSourcesBuildPhase section */

/* Begin PBXTargetDependency section */
		D598A80E28E7506C008B2DB3 /* PBXTargetDependency */ = {
			isa = PBXTargetDependency;
			target = D552905D28A3E59E00AAA663 /* baluchon */;
			targetProxy = D598A80D28E7506C008B2DB3 /* PBXContainerItemProxy */;
		};
/* End PBXTargetDependency section */

/* Begin PBXVariantGroup section */
		D552906728A3E59E00AAA663 /* Main.storyboard */ = {
			isa = PBXVariantGroup;
			children = (
				D552906828A3E59E00AAA663 /* Base */,
			);
			name = Main.storyboard;
			sourceTree = "<group>";
		};
		D552906C28A3E5A100AAA663 /* LaunchScreen.storyboard */ = {
			isa = PBXVariantGroup;
			children = (
				D552906D28A3E5A100AAA663 /* Base */,
			);
			name = LaunchScreen.storyboard;
			sourceTree = "<group>";
		};
/* End PBXVariantGroup section */

/* Begin XCBuildConfiguration section */
		D552907028A3E5A100AAA663 /* Debug */ = {
			isa = XCBuildConfiguration;
			baseConfigurationReference = D59A749D28BF56A1004F9F8E /* ApiKeys.xcconfig */;
			buildSettings = {
				ALWAYS_SEARCH_USER_PATHS = NO;
				CLANG_ANALYZER_NONNULL = YES;
				CLANG_ANALYZER_NUMBER_OBJECT_CONVERSION = YES_AGGRESSIVE;
				CLANG_CXX_LANGUAGE_STANDARD = "gnu++17";
				CLANG_ENABLE_MODULES = YES;
				CLANG_ENABLE_OBJC_ARC = YES;
				CLANG_ENABLE_OBJC_WEAK = YES;
				CLANG_WARN_BLOCK_CAPTURE_AUTORELEASING = YES;
				CLANG_WARN_BOOL_CONVERSION = YES;
				CLANG_WARN_COMMA = YES;
				CLANG_WARN_CONSTANT_CONVERSION = YES;
				CLANG_WARN_DEPRECATED_OBJC_IMPLEMENTATIONS = YES;
				CLANG_WARN_DIRECT_OBJC_ISA_USAGE = YES_ERROR;
				CLANG_WARN_DOCUMENTATION_COMMENTS = YES;
				CLANG_WARN_EMPTY_BODY = YES;
				CLANG_WARN_ENUM_CONVERSION = YES;
				CLANG_WARN_INFINITE_RECURSION = YES;
				CLANG_WARN_INT_CONVERSION = YES;
				CLANG_WARN_NON_LITERAL_NULL_CONVERSION = YES;
				CLANG_WARN_OBJC_IMPLICIT_RETAIN_SELF = YES;
				CLANG_WARN_OBJC_LITERAL_CONVERSION = YES;
				CLANG_WARN_OBJC_ROOT_CLASS = YES_ERROR;
				CLANG_WARN_QUOTED_INCLUDE_IN_FRAMEWORK_HEADER = YES;
				CLANG_WARN_RANGE_LOOP_ANALYSIS = YES;
				CLANG_WARN_STRICT_PROTOTYPES = YES;
				CLANG_WARN_SUSPICIOUS_MOVE = YES;
				CLANG_WARN_UNGUARDED_AVAILABILITY = YES_AGGRESSIVE;
				CLANG_WARN_UNREACHABLE_CODE = YES;
				CLANG_WARN__DUPLICATE_METHOD_MATCH = YES;
				COPY_PHASE_STRIP = NO;
				DEBUG_INFORMATION_FORMAT = dwarf;
				ENABLE_STRICT_OBJC_MSGSEND = YES;
				ENABLE_TESTABILITY = YES;
				GCC_C_LANGUAGE_STANDARD = gnu11;
				GCC_DYNAMIC_NO_PIC = NO;
				GCC_NO_COMMON_BLOCKS = YES;
				GCC_OPTIMIZATION_LEVEL = 0;
				GCC_PREPROCESSOR_DEFINITIONS = (
					"DEBUG=1",
					"$(inherited)",
				);
				GCC_WARN_64_TO_32_BIT_CONVERSION = YES;
				GCC_WARN_ABOUT_RETURN_TYPE = YES_ERROR;
				GCC_WARN_UNDECLARED_SELECTOR = YES;
				GCC_WARN_UNINITIALIZED_AUTOS = YES_AGGRESSIVE;
				GCC_WARN_UNUSED_FUNCTION = YES;
				GCC_WARN_UNUSED_VARIABLE = YES;
				IPHONEOS_DEPLOYMENT_TARGET = 15.4;
				MTL_ENABLE_DEBUG_INFO = INCLUDE_SOURCE;
				MTL_FAST_MATH = YES;
				ONLY_ACTIVE_ARCH = YES;
				SDKROOT = iphoneos;
				SWIFT_ACTIVE_COMPILATION_CONDITIONS = DEBUG;
				SWIFT_OPTIMIZATION_LEVEL = "-Onone";
			};
			name = Debug;
		};
		D552907128A3E5A100AAA663 /* Release */ = {
			isa = XCBuildConfiguration;
			baseConfigurationReference = D59A749D28BF56A1004F9F8E /* ApiKeys.xcconfig */;
			buildSettings = {
				ALWAYS_SEARCH_USER_PATHS = NO;
				CLANG_ANALYZER_NONNULL = YES;
				CLANG_ANALYZER_NUMBER_OBJECT_CONVERSION = YES_AGGRESSIVE;
				CLANG_CXX_LANGUAGE_STANDARD = "gnu++17";
				CLANG_ENABLE_MODULES = YES;
				CLANG_ENABLE_OBJC_ARC = YES;
				CLANG_ENABLE_OBJC_WEAK = YES;
				CLANG_WARN_BLOCK_CAPTURE_AUTORELEASING = YES;
				CLANG_WARN_BOOL_CONVERSION = YES;
				CLANG_WARN_COMMA = YES;
				CLANG_WARN_CONSTANT_CONVERSION = YES;
				CLANG_WARN_DEPRECATED_OBJC_IMPLEMENTATIONS = YES;
				CLANG_WARN_DIRECT_OBJC_ISA_USAGE = YES_ERROR;
				CLANG_WARN_DOCUMENTATION_COMMENTS = YES;
				CLANG_WARN_EMPTY_BODY = YES;
				CLANG_WARN_ENUM_CONVERSION = YES;
				CLANG_WARN_INFINITE_RECURSION = YES;
				CLANG_WARN_INT_CONVERSION = YES;
				CLANG_WARN_NON_LITERAL_NULL_CONVERSION = YES;
				CLANG_WARN_OBJC_IMPLICIT_RETAIN_SELF = YES;
				CLANG_WARN_OBJC_LITERAL_CONVERSION = YES;
				CLANG_WARN_OBJC_ROOT_CLASS = YES_ERROR;
				CLANG_WARN_QUOTED_INCLUDE_IN_FRAMEWORK_HEADER = YES;
				CLANG_WARN_RANGE_LOOP_ANALYSIS = YES;
				CLANG_WARN_STRICT_PROTOTYPES = YES;
				CLANG_WARN_SUSPICIOUS_MOVE = YES;
				CLANG_WARN_UNGUARDED_AVAILABILITY = YES_AGGRESSIVE;
				CLANG_WARN_UNREACHABLE_CODE = YES;
				CLANG_WARN__DUPLICATE_METHOD_MATCH = YES;
				COPY_PHASE_STRIP = NO;
				DEBUG_INFORMATION_FORMAT = "dwarf-with-dsym";
				ENABLE_NS_ASSERTIONS = NO;
				ENABLE_STRICT_OBJC_MSGSEND = YES;
				GCC_C_LANGUAGE_STANDARD = gnu11;
				GCC_NO_COMMON_BLOCKS = YES;
				GCC_WARN_64_TO_32_BIT_CONVERSION = YES;
				GCC_WARN_ABOUT_RETURN_TYPE = YES_ERROR;
				GCC_WARN_UNDECLARED_SELECTOR = YES;
				GCC_WARN_UNINITIALIZED_AUTOS = YES_AGGRESSIVE;
				GCC_WARN_UNUSED_FUNCTION = YES;
				GCC_WARN_UNUSED_VARIABLE = YES;
				IPHONEOS_DEPLOYMENT_TARGET = 15.4;
				MTL_ENABLE_DEBUG_INFO = NO;
				MTL_FAST_MATH = YES;
				SDKROOT = iphoneos;
				SWIFT_COMPILATION_MODE = wholemodule;
				SWIFT_OPTIMIZATION_LEVEL = "-O";
				VALIDATE_PRODUCT = YES;
			};
			name = Release;
		};
		D552907328A3E5A100AAA663 /* Debug */ = {
			isa = XCBuildConfiguration;
			buildSettings = {
				ASSETCATALOG_COMPILER_APPICON_NAME = AppIcon;
				ASSETCATALOG_COMPILER_GLOBAL_ACCENT_COLOR_NAME = AccentColor;
				CODE_SIGN_STYLE = Automatic;
				CURRENT_PROJECT_VERSION = 1;
				DEVELOPMENT_TEAM = R5JMJ79UR6;
				GENERATE_INFOPLIST_FILE = YES;
				INFOPLIST_FILE = baluchon/Info.plist;
				INFOPLIST_KEY_UIApplicationSupportsIndirectInputEvents = YES;
				INFOPLIST_KEY_UILaunchStoryboardName = LaunchScreen;
				INFOPLIST_KEY_UIMainStoryboardFile = Main;
				INFOPLIST_KEY_UISupportedInterfaceOrientations_iPad = "UIInterfaceOrientationPortrait UIInterfaceOrientationPortraitUpsideDown UIInterfaceOrientationLandscapeLeft UIInterfaceOrientationLandscapeRight";
				INFOPLIST_KEY_UISupportedInterfaceOrientations_iPhone = "UIInterfaceOrientationPortrait UIInterfaceOrientationLandscapeLeft UIInterfaceOrientationLandscapeRight";
				IPHONEOS_DEPLOYMENT_TARGET = 13.6;
				LD_RUNPATH_SEARCH_PATHS = (
					"$(inherited)",
					"@executable_path/Frameworks",
				);
				MARKETING_VERSION = 1.0;
				PRODUCT_BUNDLE_IDENTIFIER = ExomindOpenclassrooms.baluchon;
				PRODUCT_NAME = "$(TARGET_NAME)";
				SWIFT_EMIT_LOC_STRINGS = YES;
				SWIFT_VERSION = 5.0;
				TARGETED_DEVICE_FAMILY = 1;
			};
			name = Debug;
		};
		D552907428A3E5A100AAA663 /* Release */ = {
			isa = XCBuildConfiguration;
			buildSettings = {
				ASSETCATALOG_COMPILER_APPICON_NAME = AppIcon;
				ASSETCATALOG_COMPILER_GLOBAL_ACCENT_COLOR_NAME = AccentColor;
				CODE_SIGN_STYLE = Automatic;
				CURRENT_PROJECT_VERSION = 1;
				DEVELOPMENT_TEAM = R5JMJ79UR6;
				GENERATE_INFOPLIST_FILE = YES;
				INFOPLIST_FILE = baluchon/Info.plist;
				INFOPLIST_KEY_UIApplicationSupportsIndirectInputEvents = YES;
				INFOPLIST_KEY_UILaunchStoryboardName = LaunchScreen;
				INFOPLIST_KEY_UIMainStoryboardFile = Main;
				INFOPLIST_KEY_UISupportedInterfaceOrientations_iPad = "UIInterfaceOrientationPortrait UIInterfaceOrientationPortraitUpsideDown UIInterfaceOrientationLandscapeLeft UIInterfaceOrientationLandscapeRight";
				INFOPLIST_KEY_UISupportedInterfaceOrientations_iPhone = "UIInterfaceOrientationPortrait UIInterfaceOrientationLandscapeLeft UIInterfaceOrientationLandscapeRight";
				IPHONEOS_DEPLOYMENT_TARGET = 13.6;
				LD_RUNPATH_SEARCH_PATHS = (
					"$(inherited)",
					"@executable_path/Frameworks",
				);
				MARKETING_VERSION = 1.0;
				PRODUCT_BUNDLE_IDENTIFIER = ExomindOpenclassrooms.baluchon;
				PRODUCT_NAME = "$(TARGET_NAME)";
				SWIFT_EMIT_LOC_STRINGS = YES;
				SWIFT_VERSION = 5.0;
				TARGETED_DEVICE_FAMILY = 1;
			};
			name = Release;
		};
		D598A81028E7506C008B2DB3 /* Debug */ = {
			isa = XCBuildConfiguration;
			buildSettings = {
				BUNDLE_LOADER = "$(TEST_HOST)";
				CLANG_ENABLE_MODULES = YES;
				CODE_SIGN_STYLE = Automatic;
				CURRENT_PROJECT_VERSION = 1;
				DEVELOPMENT_TEAM = R5JMJ79UR6;
				GENERATE_INFOPLIST_FILE = YES;
				LD_RUNPATH_SEARCH_PATHS = (
					"$(inherited)",
					"@executable_path/Frameworks",
					"@loader_path/Frameworks",
				);
				MARKETING_VERSION = 1.0;
				PRODUCT_BUNDLE_IDENTIFIER = ExomindOpenclassrooms.baluchonTests;
				PRODUCT_NAME = "$(TARGET_NAME)";
				SWIFT_EMIT_LOC_STRINGS = NO;
				SWIFT_OPTIMIZATION_LEVEL = "-Onone";
				SWIFT_VERSION = 5.0;
				TARGETED_DEVICE_FAMILY = "1,2";
				TEST_HOST = "$(BUILT_PRODUCTS_DIR)/baluchon.app/baluchon";
			};
			name = Debug;
		};
		D598A81128E7506C008B2DB3 /* Release */ = {
			isa = XCBuildConfiguration;
			buildSettings = {
				BUNDLE_LOADER = "$(TEST_HOST)";
				CLANG_ENABLE_MODULES = YES;
				CODE_SIGN_STYLE = Automatic;
				CURRENT_PROJECT_VERSION = 1;
				DEVELOPMENT_TEAM = R5JMJ79UR6;
				GENERATE_INFOPLIST_FILE = YES;
				LD_RUNPATH_SEARCH_PATHS = (
					"$(inherited)",
					"@executable_path/Frameworks",
					"@loader_path/Frameworks",
				);
				MARKETING_VERSION = 1.0;
				PRODUCT_BUNDLE_IDENTIFIER = ExomindOpenclassrooms.baluchonTests;
				PRODUCT_NAME = "$(TARGET_NAME)";
				SWIFT_EMIT_LOC_STRINGS = NO;
				SWIFT_VERSION = 5.0;
				TARGETED_DEVICE_FAMILY = "1,2";
				TEST_HOST = "$(BUILT_PRODUCTS_DIR)/baluchon.app/baluchon";
			};
			name = Release;
		};
/* End XCBuildConfiguration section */

/* Begin XCConfigurationList section */
		D552905928A3E59E00AAA663 /* Build configuration list for PBXProject "baluchon" */ = {
			isa = XCConfigurationList;
			buildConfigurations = (
				D552907028A3E5A100AAA663 /* Debug */,
				D552907128A3E5A100AAA663 /* Release */,
			);
			defaultConfigurationIsVisible = 0;
			defaultConfigurationName = Release;
		};
		D552907228A3E5A100AAA663 /* Build configuration list for PBXNativeTarget "baluchon" */ = {
			isa = XCConfigurationList;
			buildConfigurations = (
				D552907328A3E5A100AAA663 /* Debug */,
				D552907428A3E5A100AAA663 /* Release */,
			);
			defaultConfigurationIsVisible = 0;
			defaultConfigurationName = Release;
		};
		D598A80F28E7506C008B2DB3 /* Build configuration list for PBXNativeTarget "baluchonTests" */ = {
			isa = XCConfigurationList;
			buildConfigurations = (
				D598A81028E7506C008B2DB3 /* Debug */,
				D598A81128E7506C008B2DB3 /* Release */,
			);
			defaultConfigurationIsVisible = 0;
			defaultConfigurationName = Release;
		};
/* End XCConfigurationList section */
	};
	rootObject = D552905628A3E59E00AAA663 /* Project object */;
}
